
Microsoft Visual Studio Solution File, Format Version 12.00
# Visual Studio 14
VisualStudioVersion = 14.0.25420.1
MinimumVisualStudioVersion = 10.0.40219.1
Project("{FAE04EC0-301F-11D3-BF4B-00C04F79EFBC}") = "WebAPI", "WebAPI\WebAPI.csproj", "{7797E178-3840-4AB1-95E3-DADBD9040F98}"
EndProject
Project("{FAE04EC0-301F-11D3-BF4B-00C04F79EFBC}") = "ContactMVC", "ContactMVC\ContactMVC.csproj", "{05F65D86-6715-446A-B492-F09D646EA8CF}"
EndProject
Global
	GlobalSection(SolutionConfigurationPlatforms) = preSolution
		Debug|Any CPU = Debug|Any CPU
		Release|Any CPU = Release|Any CPU
	EndGlobalSection
	GlobalSection(ProjectConfigurationPlatforms) = postSolution
		{7797E178-3840-4AB1-95E3-DADBD9040F98}.Debug|Any CPU.ActiveCfg = Debug|Any CPU
		{7797E178-3840-4AB1-95E3-DADBD9040F98}.Debug|Any CPU.Build.0 = Debug|Any CPU
		{7797E178-3840-4AB1-95E3-DADBD9040F98}.Release|Any CPU.ActiveCfg = Release|Any CPU
		{7797E178-3840-4AB1-95E3-DADBD9040F98}.Release|Any CPU.Build.0 = Release|Any CPU
		{05F65D86-6715-446A-B492-F09D646EA8CF}.Debug|Any CPU.ActiveCfg = Debug|Any CPU
		{05F65D86-6715-446A-B492-F09D646EA8CF}.Debug|Any CPU.Build.0 = Debug|Any CPU
		{05F65D86-6715-446A-B492-F09D646EA8CF}.Release|Any CPU.ActiveCfg = Release|Any CPU
		{05F65D86-6715-446A-B492-F09D646EA8CF}.Release|Any CPU.Build.0 = Release|Any CPU
	EndGlobalSection
	GlobalSection(SolutionProperties) = preSolution
		HideSolutionNode = FALSE
	EndGlobalSection
EndGlobal
